
Microsoft Visual Studio Solution File, Format Version 12.00
# Visual Studio Version 17
VisualStudioVersion = 17.7.34031.279
MinimumVisualStudioVersion = 10.0.40219.1
Project("{9A19103F-16F7-4668-BE54-9A1E7A4F7556}") = "DryCleanerApp", "DryCleanerApp\DryCleanerApp.csproj", "{18FCA4DC-017E-4C15-B6C8-021B6D9F56E8}"
EndProject
Project("{9A19103F-16F7-4668-BE54-9A1E7A4F7556}") = "DryCleanerAppDataAccess", "DryCleanerAppDataAccess\DryCleanerAppDataAccess.csproj", "{A8560E5C-3078-4A9C-B0C3-A7C43E8B1AB4}"
EndProject
Project("{9A19103F-16F7-4668-BE54-9A1E7A4F7556}") = "DryCleanerAppBussinessLogic", "DryCleanerAppBussinessLogic\DryCleanerAppBussinessLogic.csproj", "{93431ED9-5168-4267-AA3E-37E7F30F2C54}"
EndProject
Global
	GlobalSection(SolutionConfigurationPlatforms) = preSolution
		Debug|Any CPU = Debug|Any CPU
		Release|Any CPU = Release|Any CPU
	EndGlobalSection
	GlobalSection(ProjectConfigurationPlatforms) = postSolution
		{18FCA4DC-017E-4C15-B6C8-021B6D9F56E8}.Debug|Any CPU.ActiveCfg = Debug|Any CPU
		{18FCA4DC-017E-4C15-B6C8-021B6D9F56E8}.Debug|Any CPU.Build.0 = Debug|Any CPU
		{18FCA4DC-017E-4C15-B6C8-021B6D9F56E8}.Release|Any CPU.ActiveCfg = Release|Any CPU
		{18FCA4DC-017E-4C15-B6C8-021B6D9F56E8}.Release|Any CPU.Build.0 = Release|Any CPU
		{A8560E5C-3078-4A9C-B0C3-A7C43E8B1AB4}.Debug|Any CPU.ActiveCfg = Debug|Any CPU
		{A8560E5C-3078-4A9C-B0C3-A7C43E8B1AB4}.Debug|Any CPU.Build.0 = Debug|Any CPU
		{A8560E5C-3078-4A9C-B0C3-A7C43E8B1AB4}.Release|Any CPU.ActiveCfg = Release|Any CPU
		{A8560E5C-3078-4A9C-B0C3-A7C43E8B1AB4}.Release|Any CPU.Build.0 = Release|Any CPU
		{93431ED9-5168-4267-AA3E-37E7F30F2C54}.Debug|Any CPU.ActiveCfg = Debug|Any CPU
		{93431ED9-5168-4267-AA3E-37E7F30F2C54}.Debug|Any CPU.Build.0 = Debug|Any CPU
		{93431ED9-5168-4267-AA3E-37E7F30F2C54}.Release|Any CPU.ActiveCfg = Release|Any CPU
		{93431ED9-5168-4267-AA3E-37E7F30F2C54}.Release|Any CPU.Build.0 = Release|Any CPU
	EndGlobalSection
	GlobalSection(SolutionProperties) = preSolution
		HideSolutionNode = FALSE
	EndGlobalSection
	GlobalSection(ExtensibilityGlobals) = postSolution
		SolutionGuid = {A9BC91AD-6112-4BD7-98CC-9B095F9775F2}
	EndGlobalSection
EndGlobal
